{
  "name": "sulky-manager-backend",
  "version": "1.0.0",
  "lockfileVersion": 3,
  "requires": true,
  "description": "Backend Sulky Manager",
  "main": "server.js",
  "packages": {
    "": {
      "dependencies": {
        "dotenv": "^17.2.3"
      }
    },
    "node_modules/dotenv": {
      "version": "17.2.3",
      "integrity": "sha512-JVUnt+DUIzu87TABbhPmNfVdBDt18BLOWjMUFJMSi/Qqg7NTYtabbvSNJGOJ7afbRuv9D/lngizHtP7QyLQ+9w==",
      "engines": {
        "node": ">=12"
      },
      "funding": {
        "url": "https://dotenvx.com"
      }
    }
  },
  "engines": {
    "node": ">=18"
  },
  "scripts": {
    "start": "node server.js"
  }
}
